// !$*UTF8*$!
{
	archiveVersion = 1;
	classes = {
	};
	objectVersion = 50;
	objects = {

/* Begin PBXBuildFile section */
		B724034B2590083700F0E153 /* atlas@2x.png in Resources */ = {isa = PBXBuildFile; fileRef = B72403302590083500F0E153 /* atlas@2x.png */; };
		B724034C2590083700F0E153 /* earth.png in Resources */ = {isa = PBXBuildFile; fileRef = B72403312590083500F0E153 /* earth.png */; };
		B724034D2590083700F0E153 /* earth@3x.png in Resources */ = {isa = PBXBuildFile; fileRef = B72403322590083500F0E153 /* earth@3x.png */; };
		B724034E2590083700F0E153 /* earth@2x.png in Resources */ = {isa = PBXBuildFile; fileRef = B72403332590083600F0E153 /* earth@2x.png */; };
		B724034F2590083700F0E153 /* cherryblossoms@3x.png in Resources */ = {isa = PBXBuildFile; fileRef = B72403342590083600F0E153 /* cherryblossoms@3x.png */; };
		B72403502590083700F0E153 /* xmas-green@3x.png in Resources */ = {isa = PBXBuildFile; fileRef = B72403352590083600F0E153 /* xmas-green@3x.png */; };
		B72403512590083700F0E153 /* atlas@3x.png in Resources */ = {isa = PBXBuildFile; fileRef = B72403362590083600F0E153 /* atlas@3x.png */; };
		B72403522590083700F0E153 /* winter@3x.png in Resources */ = {isa = PBXBuildFile; fileRef = B72403372590083600F0E153 /* winter@3x.png */; };
		B72403532590083700F0E153 /* xmas-red.png in Resources */ = {isa = PBXBuildFile; fileRef = B72403382590083600F0E153 /* xmas-red.png */; };
		B72403542590083700F0E153 /* atlas.png in Resources */ = {isa = PBXBuildFile; fileRef = B72403392590083600F0E153 /* atlas.png */; };
		B72403552590083700F0E153 /* xmas-green@2x.png in Resources */ = {isa = PBXBuildFile; fileRef = B724033A2590083600F0E153 /* xmas-green@2x.png */; };
		B72403562590083700F0E153 /* timber.png in Resources */ = {isa = PBXBuildFile; fileRef = B724033B2590083600F0E153 /* timber.png */; };
		B72403572590083700F0E153 /* timber@2x.png in Resources */ = {isa = PBXBuildFile; fileRef = B724033C2590083600F0E153 /* timber@2x.png */; };
		B72403582590083700F0E153 /* sunrise@3x.png in Resources */ = {isa = PBXBuildFile; fileRef = B724033D2590083600F0E153 /* sunrise@3x.png */; };
		B72403592590083700F0E153 /* winter@2x.png in Resources */ = {isa = PBXBuildFile; fileRef = B724033E2590083600F0E153 /* winter@2x.png */; };
		B724035A2590083700F0E153 /* sunrise.png in Resources */ = {isa = PBXBuildFile; fileRef = B724033F2590083600F0E153 /* sunrise.png */; };
		B724035B2590083700F0E153 /* greenish@3x.png in Resources */ = {isa = PBXBuildFile; fileRef = B72403402590083600F0E153 /* greenish@3x.png */; };
		B724035C2590083700F0E153 /* sunrise@2x.png in Resources */ = {isa = PBXBuildFile; fileRef = B72403412590083600F0E153 /* sunrise@2x.png */; };
		B724035D2590083700F0E153 /* cherryblossoms.png in Resources */ = {isa = PBXBuildFile; fileRef = B72403422590083600F0E153 /* cherryblossoms.png */; };
		B724035E2590083700F0E153 /* timber@3x.png in Resources */ = {isa = PBXBuildFile; fileRef = B72403432590083700F0E153 /* timber@3x.png */; };
		B724035F2590083700F0E153 /* greenish@2x.png in Resources */ = {isa = PBXBuildFile; fileRef = B72403442590083700F0E153 /* greenish@2x.png */; };
		B72403602590083700F0E153 /* cherryblossoms@2x.png in Resources */ = {isa = PBXBuildFile; fileRef = B72403452590083700F0E153 /* cherryblossoms@2x.png */; };
		B72403612590083700F0E153 /* greenish.png in Resources */ = {isa = PBXBuildFile; fileRef = B72403462590083700F0E153 /* greenish.png */; };
		B72403622590083700F0E153 /* xmas-green.png in Resources */ = {isa = PBXBuildFile; fileRef = B72403472590083700F0E153 /* xmas-green.png */; };
		B72403632590083700F0E153 /* winter.png in Resources */ = {isa = PBXBuildFile; fileRef = B72403482590083700F0E153 /* winter.png */; };
		B72403642590083700F0E153 /* xmas-red@3x.png in Resources */ = {isa = PBXBuildFile; fileRef = B72403492590083700F0E153 /* xmas-red@3x.png */; };
		B72403652590083700F0E153 /* xmas-red@2x.png in Resources */ = {isa = PBXBuildFile; fileRef = B724034A2590083700F0E153 /* xmas-red@2x.png */; };
		B72BD54E25874BCB00F5CB85 /* NumberTests.swift in Sources */ = {isa = PBXBuildFile; fileRef = B72BD54D25874BCB00F5CB85 /* NumberTests.swift */; };
		B72DC112256A68F100DF28F1 /* EnterScoreView.swift in Sources */ = {isa = PBXBuildFile; fileRef = B72DC111256A68F100DF28F1 /* EnterScoreView.swift */; };
		B72DC117256A776100DF28F1 /* Number.swift in Sources */ = {isa = PBXBuildFile; fileRef = B72DC116256A776100DF28F1 /* Number.swift */; };
		B72DC11C256AEB5E00DF28F1 /* Theme.swift in Sources */ = {isa = PBXBuildFile; fileRef = B72DC11B256AEB5E00DF28F1 /* Theme.swift */; };
		B72DC121256AF1C000DF28F1 /* View.swift in Sources */ = {isa = PBXBuildFile; fileRef = B72DC120256AF1C000DF28F1 /* View.swift */; };
		B73A09C6259AB17300C45C33 /* ColorPickerView.swift in Sources */ = {isa = PBXBuildFile; fileRef = B73A09C5259AB17300C45C33 /* ColorPickerView.swift */; };
		B73A09CE259C756200C45C33 /* ColorTests.swift in Sources */ = {isa = PBXBuildFile; fileRef = B73A09CD259C756200C45C33 /* ColorTests.swift */; };
		B73FD0C3257DFAFC00810010 /* ThemeSelectView.swift in Sources */ = {isa = PBXBuildFile; fileRef = B73FD0C2257DFAFC00810010 /* ThemeSelectView.swift */; };
		B73FD0CD257E01A200810010 /* CodableUnitPoint.swift in Sources */ = {isa = PBXBuildFile; fileRef = B73FD0CC257E01A200810010 /* CodableUnitPoint.swift */; };
		B752066B25737C7C00555390 /* ScoreHistoryView.swift in Sources */ = {isa = PBXBuildFile; fileRef = B752066A25737C7C00555390 /* ScoreHistoryView.swift */; };
		B75206702574BD5E00555390 /* GameSettings.swift in Sources */ = {isa = PBXBuildFile; fileRef = B752066F2574BD5E00555390 /* GameSettings.swift */; };
		B75206752574C40C00555390 /* Binding.swift in Sources */ = {isa = PBXBuildFile; fileRef = B75206742574C40C00555390 /* Binding.swift */; };
		B760DEF8258EEC3300F1970A /* ConfettiView.swift in Sources */ = {isa = PBXBuildFile; fileRef = B760DEF7258EEC3300F1970A /* ConfettiView.swift */; };
		B7659F85257CB85E00CA139E /* GraphView.swift in Sources */ = {isa = PBXBuildFile; fileRef = B7659F84257CB85E00CA139E /* GraphView.swift */; };
		B7659F8A257CC22900CA139E /* GameGraph.swift in Sources */ = {isa = PBXBuildFile; fileRef = B7659F89257CC22900CA139E /* GameGraph.swift */; };
		B7659F8F257DAA6B00CA139E /* SettingsView.swift in Sources */ = {isa = PBXBuildFile; fileRef = B7659F8E257DAA6B00CA139E /* SettingsView.swift */; };
		B7659F94257DE9AB00CA139E /* UserSettings.swift in Sources */ = {isa = PBXBuildFile; fileRef = B7659F93257DE9AB00CA139E /* UserSettings.swift */; };
		B781BA002560F5E0008EB298 /* bowtie2App.swift in Sources */ = {isa = PBXBuildFile; fileRef = B781B9FF2560F5E0008EB298 /* bowtie2App.swift */; };
		B781BA042560F5E2008EB298 /* Assets.xcassets in Resources */ = {isa = PBXBuildFile; fileRef = B781BA032560F5E2008EB298 /* Assets.xcassets */; };
		B781BA072560F5E2008EB298 /* Preview Assets.xcassets in Resources */ = {isa = PBXBuildFile; fileRef = B781BA062560F5E2008EB298 /* Preview Assets.xcassets */; };
		B781BA092560F5E2008EB298 /* Persistence.swift in Sources */ = {isa = PBXBuildFile; fileRef = B781BA082560F5E2008EB298 /* Persistence.swift */; };
		B781BA0C2560F5E2008EB298 /* bowtie2.xcdatamodeld in Sources */ = {isa = PBXBuildFile; fileRef = B781BA0A2560F5E2008EB298 /* bowtie2.xcdatamodeld */; };
		B781BA172560F5E2008EB298 /* bowtie2Tests.swift in Sources */ = {isa = PBXBuildFile; fileRef = B781BA162560F5E2008EB298 /* bowtie2Tests.swift */; };
		B781BA222560F5E2008EB298 /* bowtie2UITests.swift in Sources */ = {isa = PBXBuildFile; fileRef = B781BA212560F5E2008EB298 /* bowtie2UITests.swift */; };
		B781BA38256100D6008EB298 /* CloudKit.framework in Frameworks */ = {isa = PBXBuildFile; fileRef = B781BA37256100D6008EB298 /* CloudKit.framework */; };
		B781BA40256114F4008EB298 /* AppView.swift in Sources */ = {isa = PBXBuildFile; fileRef = B781BA3F256114F4008EB298 /* AppView.swift */; };
		B781BA4825611518008EB298 /* GamesListView.swift in Sources */ = {isa = PBXBuildFile; fileRef = B781BA4725611518008EB298 /* GamesListView.swift */; };
		B781BA4D25611521008EB298 /* PlayersListView.swift in Sources */ = {isa = PBXBuildFile; fileRef = B781BA4C25611521008EB298 /* PlayersListView.swift */; };
		B791991D2586944600865BCB /* VersionView.swift in Sources */ = {isa = PBXBuildFile; fileRef = B791991C2586944600865BCB /* VersionView.swift */; };
		B79199222586E6B900865BCB /* PremiumView.swift in Sources */ = {isa = PBXBuildFile; fileRef = B79199212586E6B900865BCB /* PremiumView.swift */; };
		B79199272586F55F00865BCB /* StoreKit.framework in Frameworks */ = {isa = PBXBuildFile; fileRef = B79199262586F55F00865BCB /* StoreKit.framework */; };
		B79199292586F6C400865BCB /* BowtieProducts.swift in Sources */ = {isa = PBXBuildFile; fileRef = B79199282586F6C400865BCB /* BowtieProducts.swift */; };
		B791992E2586F76F00865BCB /* IAPHelper.swift in Sources */ = {isa = PBXBuildFile; fileRef = B791992D2586F76F00865BCB /* IAPHelper.swift */; };
		B7B0A4B2258EBF550068D810 /* SKProduct.swift in Sources */ = {isa = PBXBuildFile; fileRef = B7B0A4B1258EBF550068D810 /* SKProduct.swift */; };
		B7B1CC6C25854B39000ACCE3 /* AppIconSelectView.swift in Sources */ = {isa = PBXBuildFile; fileRef = B7B1CC6B25854B39000ACCE3 /* AppIconSelectView.swift */; };
		B7B2503B256120B200C82EC6 /* CreateEditPlayer.swift in Sources */ = {isa = PBXBuildFile; fileRef = B7B2503A256120B200C82EC6 /* CreateEditPlayer.swift */; };
		B7B250432561269B00C82EC6 /* Color.swift in Sources */ = {isa = PBXBuildFile; fileRef = B7B250422561269B00C82EC6 /* Color.swift */; };
		B7B25048256126CD00C82EC6 /* Date.swift in Sources */ = {isa = PBXBuildFile; fileRef = B7B25047256126CD00C82EC6 /* Date.swift */; };
		B7B2504D256126E000C82EC6 /* String.swift in Sources */ = {isa = PBXBuildFile; fileRef = B7B2504C256126E000C82EC6 /* String.swift */; };
		B7B2505B2561AC9800C82EC6 /* PlayerCard.swift in Sources */ = {isa = PBXBuildFile; fileRef = B7B2505A2561AC9800C82EC6 /* PlayerCard.swift */; };
		B7C130FF25611D4D00EE6601 /* PlayerScore+CoreDataClass.swift in Sources */ = {isa = PBXBuildFile; fileRef = B7C130FB25611D4D00EE6601 /* PlayerScore+CoreDataClass.swift */; };
		B7C1310125611D4D00EE6601 /* Player+CoreDataClass.swift in Sources */ = {isa = PBXBuildFile; fileRef = B7C130FD25611D4D00EE6601 /* Player+CoreDataClass.swift */; };
		B7C1311125611FBB00EE6601 /* Game+CoreDataClass.swift in Sources */ = {isa = PBXBuildFile; fileRef = B7C1310F25611FBB00EE6601 /* Game+CoreDataClass.swift */; };
		B7C1B4EB259072270087FB74 /* WelcomeView.swift in Sources */ = {isa = PBXBuildFile; fileRef = B7C1B4EA259072270087FB74 /* WelcomeView.swift */; };
		B7C1B4F825909C860087FB74 /* classic.png in Resources */ = {isa = PBXBuildFile; fileRef = B7C1B4F525909C860087FB74 /* classic.png */; };
		B7C1B4F925909C860087FB74 /* classic@2x.png in Resources */ = {isa = PBXBuildFile; fileRef = B7C1B4F625909C860087FB74 /* classic@2x.png */; };
		B7C1B4FA25909C860087FB74 /* classic@3x.png in Resources */ = {isa = PBXBuildFile; fileRef = B7C1B4F725909C860087FB74 /* classic@3x.png */; };
		B7CCE949257630BE00C3129B /* Indicator.swift in Sources */ = {isa = PBXBuildFile; fileRef = B7CCE948257630BE00C3129B /* Indicator.swift */; };
		B7CCE94E25763B2B00C3129B /* ModalView.swift in Sources */ = {isa = PBXBuildFile; fileRef = B7CCE94D25763B2B00C3129B /* ModalView.swift */; };
		B7D339082569AD6F00ADBEFF /* GameView.swift in Sources */ = {isa = PBXBuildFile; fileRef = B7D339072569AD6F00ADBEFF /* GameView.swift */; };
		B7D3390D2569DAB300ADBEFF /* PlayerScoreCard.swift in Sources */ = {isa = PBXBuildFile; fileRef = B7D3390C2569DAB300ADBEFF /* PlayerScoreCard.swift */; };
		B7F82AB72562406600C7B221 /* GameCard.swift in Sources */ = {isa = PBXBuildFile; fileRef = B7F82AB62562406600C7B221 /* GameCard.swift */; };
		B7F82ABC256258EA00C7B221 /* Array.swift in Sources */ = {isa = PBXBuildFile; fileRef = B7F82ABB256258EA00C7B221 /* Array.swift */; };
		B7F82AC125625A8C00C7B221 /* CreateGame.swift in Sources */ = {isa = PBXBuildFile; fileRef = B7F82AC025625A8C00C7B221 /* CreateGame.swift */; };
/* End PBXBuildFile section */

/* Begin PBXContainerItemProxy section */
		B781BA132560F5E2008EB298 /* PBXContainerItemProxy */ = {
			isa = PBXContainerItemProxy;
			containerPortal = B781B9F42560F5E0008EB298 /* Project object */;
			proxyType = 1;
			remoteGlobalIDString = B781B9FB2560F5E0008EB298;
			remoteInfo = bowtie2;
		};
		B781BA1E2560F5E2008EB298 /* PBXContainerItemProxy */ = {
			isa = PBXContainerItemProxy;
			containerPortal = B781B9F42560F5E0008EB298 /* Project object */;
			proxyType = 1;
			remoteGlobalIDString = B781B9FB2560F5E0008EB298;
			remoteInfo = bowtie2;
		};
/* End PBXContainerItemProxy section */

/* Begin PBXFileReference section */
		B72403302590083500F0E153 /* atlas@2x.png */ = {isa = PBXFileReference; lastKnownFileType = image.png; path = "atlas@2x.png"; sourceTree = "<group>"; };
		B72403312590083500F0E153 /* earth.png */ = {isa = PBXFileReference; lastKnownFileType = image.png; path = earth.png; sourceTree = "<group>"; };
		B72403322590083500F0E153 /* earth@3x.png */ = {isa = PBXFileReference; lastKnownFileType = image.png; path = "earth@3x.png"; sourceTree = "<group>"; };
		B72403332590083600F0E153 /* earth@2x.png */ = {isa = PBXFileReference; lastKnownFileType = image.png; path = "earth@2x.png"; sourceTree = "<group>"; };
		B72403342590083600F0E153 /* cherryblossoms@3x.png */ = {isa = PBXFileReference; lastKnownFileType = image.png; path = "cherryblossoms@3x.png"; sourceTree = "<group>"; };
		B72403352590083600F0E153 /* xmas-green@3x.png */ = {isa = PBXFileReference; lastKnownFileType = image.png; path = "xmas-green@3x.png"; sourceTree = "<group>"; };
		B72403362590083600F0E153 /* atlas@3x.png */ = {isa = PBXFileReference; lastKnownFileType = image.png; path = "atlas@3x.png"; sourceTree = "<group>"; };
		B72403372590083600F0E153 /* winter@3x.png */ = {isa = PBXFileReference; lastKnownFileType = image.png; path = "winter@3x.png"; sourceTree = "<group>"; };
		B72403382590083600F0E153 /* xmas-red.png */ = {isa = PBXFileReference; lastKnownFileType = image.png; path = "xmas-red.png"; sourceTree = "<group>"; };
		B72403392590083600F0E153 /* atlas.png */ = {isa = PBXFileReference; lastKnownFileType = image.png; path = atlas.png; sourceTree = "<group>"; };
		B724033A2590083600F0E153 /* xmas-green@2x.png */ = {isa = PBXFileReference; lastKnownFileType = image.png; path = "xmas-green@2x.png"; sourceTree = "<group>"; };
		B724033B2590083600F0E153 /* timber.png */ = {isa = PBXFileReference; lastKnownFileType = image.png; path = timber.png; sourceTree = "<group>"; };
		B724033C2590083600F0E153 /* timber@2x.png */ = {isa = PBXFileReference; lastKnownFileType = image.png; path = "timber@2x.png"; sourceTree = "<group>"; };
		B724033D2590083600F0E153 /* sunrise@3x.png */ = {isa = PBXFileReference; lastKnownFileType = image.png; path = "sunrise@3x.png"; sourceTree = "<group>"; };
		B724033E2590083600F0E153 /* winter@2x.png */ = {isa = PBXFileReference; lastKnownFileType = image.png; path = "winter@2x.png"; sourceTree = "<group>"; };
		B724033F2590083600F0E153 /* sunrise.png */ = {isa = PBXFileReference; lastKnownFileType = image.png; path = sunrise.png; sourceTree = "<group>"; };
		B72403402590083600F0E153 /* greenish@3x.png */ = {isa = PBXFileReference; lastKnownFileType = image.png; path = "greenish@3x.png"; sourceTree = "<group>"; };
		B72403412590083600F0E153 /* sunrise@2x.png */ = {isa = PBXFileReference; lastKnownFileType = image.png; path = "sunrise@2x.png"; sourceTree = "<group>"; };
		B72403422590083600F0E153 /* cherryblossoms.png */ = {isa = PBXFileReference; lastKnownFileType = image.png; path = cherryblossoms.png; sourceTree = "<group>"; };
		B72403432590083700F0E153 /* timber@3x.png */ = {isa = PBXFileReference; lastKnownFileType = image.png; path = "timber@3x.png"; sourceTree = "<group>"; };
		B72403442590083700F0E153 /* greenish@2x.png */ = {isa = PBXFileReference; lastKnownFileType = image.png; path = "greenish@2x.png"; sourceTree = "<group>"; };
		B72403452590083700F0E153 /* cherryblossoms@2x.png */ = {isa = PBXFileReference; lastKnownFileType = image.png; path = "cherryblossoms@2x.png"; sourceTree = "<group>"; };
		B72403462590083700F0E153 /* greenish.png */ = {isa = PBXFileReference; lastKnownFileType = image.png; path = greenish.png; sourceTree = "<group>"; };
		B72403472590083700F0E153 /* xmas-green.png */ = {isa = PBXFileReference; lastKnownFileType = image.png; path = "xmas-green.png"; sourceTree = "<group>"; };
		B72403482590083700F0E153 /* winter.png */ = {isa = PBXFileReference; lastKnownFileType = image.png; path = winter.png; sourceTree = "<group>"; };
		B72403492590083700F0E153 /* xmas-red@3x.png */ = {isa = PBXFileReference; lastKnownFileType = image.png; path = "xmas-red@3x.png"; sourceTree = "<group>"; };
		B724034A2590083700F0E153 /* xmas-red@2x.png */ = {isa = PBXFileReference; lastKnownFileType = image.png; path = "xmas-red@2x.png"; sourceTree = "<group>"; };
		B72BD54D25874BCB00F5CB85 /* NumberTests.swift */ = {isa = PBXFileReference; lastKnownFileType = sourcecode.swift; path = NumberTests.swift; sourceTree = "<group>"; };
		B72DC111256A68F100DF28F1 /* EnterScoreView.swift */ = {isa = PBXFileReference; lastKnownFileType = sourcecode.swift; path = EnterScoreView.swift; sourceTree = "<group>"; };
		B72DC116256A776100DF28F1 /* Number.swift */ = {isa = PBXFileReference; lastKnownFileType = sourcecode.swift; path = Number.swift; sourceTree = "<group>"; };
		B72DC11B256AEB5E00DF28F1 /* Theme.swift */ = {isa = PBXFileReference; lastKnownFileType = sourcecode.swift; path = Theme.swift; sourceTree = "<group>"; };
		B72DC120256AF1C000DF28F1 /* View.swift */ = {isa = PBXFileReference; lastKnownFileType = sourcecode.swift; path = View.swift; sourceTree = "<group>"; };
		B73A09C5259AB17300C45C33 /* ColorPickerView.swift */ = {isa = PBXFileReference; lastKnownFileType = sourcecode.swift; path = ColorPickerView.swift; sourceTree = "<group>"; };
		B73A09CD259C756200C45C33 /* ColorTests.swift */ = {isa = PBXFileReference; lastKnownFileType = sourcecode.swift; path = ColorTests.swift; sourceTree = "<group>"; };
		B73FD0C2257DFAFC00810010 /* ThemeSelectView.swift */ = {isa = PBXFileReference; lastKnownFileType = sourcecode.swift; path = ThemeSelectView.swift; sourceTree = "<group>"; };
		B73FD0CC257E01A200810010 /* CodableUnitPoint.swift */ = {isa = PBXFileReference; lastKnownFileType = sourcecode.swift; path = CodableUnitPoint.swift; sourceTree = "<group>"; };
		B752066A25737C7C00555390 /* ScoreHistoryView.swift */ = {isa = PBXFileReference; lastKnownFileType = sourcecode.swift; path = ScoreHistoryView.swift; sourceTree = "<group>"; };
		B752066F2574BD5E00555390 /* GameSettings.swift */ = {isa = PBXFileReference; lastKnownFileType = sourcecode.swift; path = GameSettings.swift; sourceTree = "<group>"; };
		B75206742574C40C00555390 /* Binding.swift */ = {isa = PBXFileReference; lastKnownFileType = sourcecode.swift; path = Binding.swift; sourceTree = "<group>"; };
		B760DEF7258EEC3300F1970A /* ConfettiView.swift */ = {isa = PBXFileReference; lastKnownFileType = sourcecode.swift; path = ConfettiView.swift; sourceTree = "<group>"; };
		B7659F84257CB85E00CA139E /* GraphView.swift */ = {isa = PBXFileReference; lastKnownFileType = sourcecode.swift; path = GraphView.swift; sourceTree = "<group>"; };
		B7659F89257CC22900CA139E /* GameGraph.swift */ = {isa = PBXFileReference; lastKnownFileType = sourcecode.swift; path = GameGraph.swift; sourceTree = "<group>"; };
		B7659F8E257DAA6B00CA139E /* SettingsView.swift */ = {isa = PBXFileReference; lastKnownFileType = sourcecode.swift; path = SettingsView.swift; sourceTree = "<group>"; };
		B7659F93257DE9AB00CA139E /* UserSettings.swift */ = {isa = PBXFileReference; lastKnownFileType = sourcecode.swift; path = UserSettings.swift; sourceTree = "<group>"; };
		B781B9FC2560F5E0008EB298 /* bowtie2.app */ = {isa = PBXFileReference; explicitFileType = wrapper.application; includeInIndex = 0; path = bowtie2.app; sourceTree = BUILT_PRODUCTS_DIR; };
		B781B9FF2560F5E0008EB298 /* bowtie2App.swift */ = {isa = PBXFileReference; lastKnownFileType = sourcecode.swift; path = bowtie2App.swift; sourceTree = "<group>"; };
		B781BA032560F5E2008EB298 /* Assets.xcassets */ = {isa = PBXFileReference; lastKnownFileType = folder.assetcatalog; path = Assets.xcassets; sourceTree = "<group>"; };
		B781BA062560F5E2008EB298 /* Preview Assets.xcassets */ = {isa = PBXFileReference; lastKnownFileType = folder.assetcatalog; path = "Preview Assets.xcassets"; sourceTree = "<group>"; };
		B781BA082560F5E2008EB298 /* Persistence.swift */ = {isa = PBXFileReference; lastKnownFileType = sourcecode.swift; path = Persistence.swift; sourceTree = "<group>"; };
		B781BA0B2560F5E2008EB298 /* bowtie2.xcdatamodel */ = {isa = PBXFileReference; lastKnownFileType = wrapper.xcdatamodel; path = bowtie2.xcdatamodel; sourceTree = "<group>"; };
		B781BA0D2560F5E2008EB298 /* Info.plist */ = {isa = PBXFileReference; lastKnownFileType = text.plist.xml; path = Info.plist; sourceTree = "<group>"; };
		B781BA122560F5E2008EB298 /* bowtie2Tests.xctest */ = {isa = PBXFileReference; explicitFileType = wrapper.cfbundle; includeInIndex = 0; path = bowtie2Tests.xctest; sourceTree = BUILT_PRODUCTS_DIR; };
		B781BA162560F5E2008EB298 /* bowtie2Tests.swift */ = {isa = PBXFileReference; lastKnownFileType = sourcecode.swift; path = bowtie2Tests.swift; sourceTree = "<group>"; };
		B781BA182560F5E2008EB298 /* Info.plist */ = {isa = PBXFileReference; lastKnownFileType = text.plist.xml; path = Info.plist; sourceTree = "<group>"; };
		B781BA1D2560F5E2008EB298 /* bowtie2UITests.xctest */ = {isa = PBXFileReference; explicitFileType = wrapper.cfbundle; includeInIndex = 0; path = bowtie2UITests.xctest; sourceTree = BUILT_PRODUCTS_DIR; };
		B781BA212560F5E2008EB298 /* bowtie2UITests.swift */ = {isa = PBXFileReference; lastKnownFileType = sourcecode.swift; path = bowtie2UITests.swift; sourceTree = "<group>"; };
		B781BA232560F5E2008EB298 /* Info.plist */ = {isa = PBXFileReference; lastKnownFileType = text.plist.xml; path = Info.plist; sourceTree = "<group>"; };
		B781BA32256100D4008EB298 /* bowtie2.entitlements */ = {isa = PBXFileReference; lastKnownFileType = text.plist.entitlements; path = bowtie2.entitlements; sourceTree = "<group>"; };
		B781BA37256100D6008EB298 /* CloudKit.framework */ = {isa = PBXFileReference; lastKnownFileType = wrapper.framework; name = CloudKit.framework; path = System/Library/Frameworks/CloudKit.framework; sourceTree = SDKROOT; };
		B781BA3F256114F4008EB298 /* AppView.swift */ = {isa = PBXFileReference; lastKnownFileType = sourcecode.swift; path = AppView.swift; sourceTree = "<group>"; };
		B781BA4725611518008EB298 /* GamesListView.swift */ = {isa = PBXFileReference; lastKnownFileType = sourcecode.swift; path = GamesListView.swift; sourceTree = "<group>"; };
		B781BA4C25611521008EB298 /* PlayersListView.swift */ = {isa = PBXFileReference; lastKnownFileType = sourcecode.swift; path = PlayersListView.swift; sourceTree = "<group>"; };
		B791991C2586944600865BCB /* VersionView.swift */ = {isa = PBXFileReference; lastKnownFileType = sourcecode.swift; path = VersionView.swift; sourceTree = "<group>"; };
		B79199212586E6B900865BCB /* PremiumView.swift */ = {isa = PBXFileReference; lastKnownFileType = sourcecode.swift; path = PremiumView.swift; sourceTree = "<group>"; };
		B79199262586F55F00865BCB /* StoreKit.framework */ = {isa = PBXFileReference; lastKnownFileType = wrapper.framework; name = StoreKit.framework; path = System/Library/Frameworks/StoreKit.framework; sourceTree = SDKROOT; };
		B79199282586F6C400865BCB /* BowtieProducts.swift */ = {isa = PBXFileReference; lastKnownFileType = sourcecode.swift; path = BowtieProducts.swift; sourceTree = "<group>"; };
		B791992D2586F76F00865BCB /* IAPHelper.swift */ = {isa = PBXFileReference; lastKnownFileType = sourcecode.swift; path = IAPHelper.swift; sourceTree = "<group>"; };
		B7B0A4B1258EBF550068D810 /* SKProduct.swift */ = {isa = PBXFileReference; lastKnownFileType = sourcecode.swift; path = SKProduct.swift; sourceTree = "<group>"; };
		B7B1CC6B25854B39000ACCE3 /* AppIconSelectView.swift */ = {isa = PBXFileReference; lastKnownFileType = sourcecode.swift; path = AppIconSelectView.swift; sourceTree = "<group>"; };
		B7B2503A256120B200C82EC6 /* CreateEditPlayer.swift */ = {isa = PBXFileReference; lastKnownFileType = sourcecode.swift; path = CreateEditPlayer.swift; sourceTree = "<group>"; };
		B7B250422561269B00C82EC6 /* Color.swift */ = {isa = PBXFileReference; lastKnownFileType = sourcecode.swift; path = Color.swift; sourceTree = "<group>"; };
		B7B25047256126CD00C82EC6 /* Date.swift */ = {isa = PBXFileReference; lastKnownFileType = sourcecode.swift; path = Date.swift; sourceTree = "<group>"; };
		B7B2504C256126E000C82EC6 /* String.swift */ = {isa = PBXFileReference; lastKnownFileType = sourcecode.swift; path = String.swift; sourceTree = "<group>"; };
		B7B2505A2561AC9800C82EC6 /* PlayerCard.swift */ = {isa = PBXFileReference; lastKnownFileType = sourcecode.swift; path = PlayerCard.swift; sourceTree = "<group>"; };
		B7C130FB25611D4D00EE6601 /* PlayerScore+CoreDataClass.swift */ = {isa = PBXFileReference; lastKnownFileType = sourcecode.swift; name = "PlayerScore+CoreDataClass.swift"; path = "bowtie2/models/PlayerScore+CoreDataClass.swift"; sourceTree = SOURCE_ROOT; };
		B7C130FD25611D4D00EE6601 /* Player+CoreDataClass.swift */ = {isa = PBXFileReference; lastKnownFileType = sourcecode.swift; name = "Player+CoreDataClass.swift"; path = "bowtie2/models/Player+CoreDataClass.swift"; sourceTree = SOURCE_ROOT; };
		B7C1310F25611FBB00EE6601 /* Game+CoreDataClass.swift */ = {isa = PBXFileReference; lastKnownFileType = sourcecode.swift; name = "Game+CoreDataClass.swift"; path = "bowtie2/models/Game+CoreDataClass.swift"; sourceTree = SOURCE_ROOT; };
		B7C1B4EA259072270087FB74 /* WelcomeView.swift */ = {isa = PBXFileReference; lastKnownFileType = sourcecode.swift; path = WelcomeView.swift; sourceTree = "<group>"; };
		B7C1B4F525909C860087FB74 /* classic.png */ = {isa = PBXFileReference; lastKnownFileType = image.png; path = classic.png; sourceTree = "<group>"; };
		B7C1B4F625909C860087FB74 /* classic@2x.png */ = {isa = PBXFileReference; lastKnownFileType = image.png; path = "classic@2x.png"; sourceTree = "<group>"; };
		B7C1B4F725909C860087FB74 /* classic@3x.png */ = {isa = PBXFileReference; lastKnownFileType = image.png; path = "classic@3x.png"; sourceTree = "<group>"; };
		B7CCE948257630BE00C3129B /* Indicator.swift */ = {isa = PBXFileReference; lastKnownFileType = sourcecode.swift; path = Indicator.swift; sourceTree = "<group>"; };
		B7CCE94D25763B2B00C3129B /* ModalView.swift */ = {isa = PBXFileReference; lastKnownFileType = sourcecode.swift; path = ModalView.swift; sourceTree = "<group>"; };
		B7D339072569AD6F00ADBEFF /* GameView.swift */ = {isa = PBXFileReference; lastKnownFileType = sourcecode.swift; path = GameView.swift; sourceTree = "<group>"; };
		B7D3390C2569DAB300ADBEFF /* PlayerScoreCard.swift */ = {isa = PBXFileReference; lastKnownFileType = sourcecode.swift; path = PlayerScoreCard.swift; sourceTree = "<group>"; };
		B7F82AB62562406600C7B221 /* GameCard.swift */ = {isa = PBXFileReference; lastKnownFileType = sourcecode.swift; path = GameCard.swift; sourceTree = "<group>"; };
		B7F82ABB256258EA00C7B221 /* Array.swift */ = {isa = PBXFileReference; lastKnownFileType = sourcecode.swift; path = Array.swift; sourceTree = "<group>"; };
		B7F82AC025625A8C00C7B221 /* CreateGame.swift */ = {isa = PBXFileReference; lastKnownFileType = sourcecode.swift; path = CreateGame.swift; sourceTree = "<group>"; };
/* End PBXFileReference section */

/* Begin PBXFrameworksBuildPhase section */
		B781B9F92560F5E0008EB298 /* Frameworks */ = {
			isa = PBXFrameworksBuildPhase;
			buildActionMask = 2147483647;
			files = (
				B781BA38256100D6008EB298 /* CloudKit.framework in Frameworks */,
				B79199272586F55F00865BCB /* StoreKit.framework in Frameworks */,
			);
			runOnlyForDeploymentPostprocessing = 0;
		};
		B781BA0F2560F5E2008EB298 /* Frameworks */ = {
			isa = PBXFrameworksBuildPhase;
			buildActionMask = 2147483647;
			files = (
			);
			runOnlyForDeploymentPostprocessing = 0;
		};
		B781BA1A2560F5E2008EB298 /* Frameworks */ = {
			isa = PBXFrameworksBuildPhase;
			buildActionMask = 2147483647;
			files = (
			);
			runOnlyForDeploymentPostprocessing = 0;
		};
/* End PBXFrameworksBuildPhase section */

/* Begin PBXGroup section */
		B781B9F32560F5E0008EB298 = {
			isa = PBXGroup;
			children = (
				B781B9FE2560F5E0008EB298 /* bowtie2 */,
				B781BA152560F5E2008EB298 /* bowtie2Tests */,
				B781BA202560F5E2008EB298 /* bowtie2UITests */,
				B781B9FD2560F5E0008EB298 /* Products */,
				B781BA36256100D6008EB298 /* Frameworks */,
			);
			sourceTree = "<group>";
		};
		B781B9FD2560F5E0008EB298 /* Products */ = {
			isa = PBXGroup;
			children = (
				B781B9FC2560F5E0008EB298 /* bowtie2.app */,
				B781BA122560F5E2008EB298 /* bowtie2Tests.xctest */,
				B781BA1D2560F5E2008EB298 /* bowtie2UITests.xctest */,
			);
			name = Products;
			sourceTree = "<group>";
		};
		B781B9FE2560F5E0008EB298 /* bowtie2 */ = {
			isa = PBXGroup;
			children = (
				B7B1CC5825854841000ACCE3 /* app-icons */,
				B7C130FA25611D4000EE6601 /* models */,
				B7C130F125611C5200EE6601 /* extensions */,
				B781BA5125611627008EB298 /* views */,
				B781BA32256100D4008EB298 /* bowtie2.entitlements */,
				B781B9FF2560F5E0008EB298 /* bowtie2App.swift */,
				B781BA032560F5E2008EB298 /* Assets.xcassets */,
				B781BA082560F5E2008EB298 /* Persistence.swift */,
				B781BA0D2560F5E2008EB298 /* Info.plist */,
				B781BA0A2560F5E2008EB298 /* bowtie2.xcdatamodeld */,
				B781BA052560F5E2008EB298 /* Preview Content */,
				B72DC11B256AEB5E00DF28F1 /* Theme.swift */,
				B7659F93257DE9AB00CA139E /* UserSettings.swift */,
				B73FD0CC257E01A200810010 /* CodableUnitPoint.swift */,
				B79199282586F6C400865BCB /* BowtieProducts.swift */,
				B791992D2586F76F00865BCB /* IAPHelper.swift */,
			);
			path = bowtie2;
			sourceTree = "<group>";
		};
		B781BA052560F5E2008EB298 /* Preview Content */ = {
			isa = PBXGroup;
			children = (
				B781BA062560F5E2008EB298 /* Preview Assets.xcassets */,
			);
			path = "Preview Content";
			sourceTree = "<group>";
		};
		B781BA152560F5E2008EB298 /* bowtie2Tests */ = {
			isa = PBXGroup;
			children = (
				B781BA162560F5E2008EB298 /* bowtie2Tests.swift */,
				B781BA182560F5E2008EB298 /* Info.plist */,
				B72BD54D25874BCB00F5CB85 /* NumberTests.swift */,
				B73A09CD259C756200C45C33 /* ColorTests.swift */,
			);
			path = bowtie2Tests;
			sourceTree = "<group>";
		};
		B781BA202560F5E2008EB298 /* bowtie2UITests */ = {
			isa = PBXGroup;
			children = (
				B781BA212560F5E2008EB298 /* bowtie2UITests.swift */,
				B781BA232560F5E2008EB298 /* Info.plist */,
			);
			path = bowtie2UITests;
			sourceTree = "<group>";
		};
		B781BA36256100D6008EB298 /* Frameworks */ = {
			isa = PBXGroup;
			children = (
				B79199262586F55F00865BCB /* StoreKit.framework */,
				B781BA37256100D6008EB298 /* CloudKit.framework */,
			);
			name = Frameworks;
			sourceTree = "<group>";
		};
		B781BA5125611627008EB298 /* views */ = {
			isa = PBXGroup;
			children = (
				B791991C2586944600865BCB /* VersionView.swift */,
				B7B1CC6B25854B39000ACCE3 /* AppIconSelectView.swift */,
				B781BA3F256114F4008EB298 /* AppView.swift */,
				B760DEF7258EEC3300F1970A /* ConfettiView.swift */,
				B7B2503A256120B200C82EC6 /* CreateEditPlayer.swift */,
				B7F82AC025625A8C00C7B221 /* CreateGame.swift */,
				B72DC111256A68F100DF28F1 /* EnterScoreView.swift */,
				B7F82AB62562406600C7B221 /* GameCard.swift */,
				B7659F89257CC22900CA139E /* GameGraph.swift */,
				B752066F2574BD5E00555390 /* GameSettings.swift */,
				B781BA4725611518008EB298 /* GamesListView.swift */,
				B7D339072569AD6F00ADBEFF /* GameView.swift */,
				B7659F84257CB85E00CA139E /* GraphView.swift */,
				B7CCE948257630BE00C3129B /* Indicator.swift */,
				B7CCE94D25763B2B00C3129B /* ModalView.swift */,
				B7B2505A2561AC9800C82EC6 /* PlayerCard.swift */,
				B7D3390C2569DAB300ADBEFF /* PlayerScoreCard.swift */,
				B781BA4C25611521008EB298 /* PlayersListView.swift */,
				B79199212586E6B900865BCB /* PremiumView.swift */,
				B752066A25737C7C00555390 /* ScoreHistoryView.swift */,
				B7659F8E257DAA6B00CA139E /* SettingsView.swift */,
				B73FD0C2257DFAFC00810010 /* ThemeSelectView.swift */,
				B7C1B4EA259072270087FB74 /* WelcomeView.swift */,
				B73A09C5259AB17300C45C33 /* ColorPickerView.swift */,
			);
			path = views;
			sourceTree = "<group>";
		};
		B7B1CC5825854841000ACCE3 /* app-icons */ = {
			isa = PBXGroup;
			children = (
				B7C1B4F525909C860087FB74 /* classic.png */,
				B7C1B4F625909C860087FB74 /* classic@2x.png */,
				B7C1B4F725909C860087FB74 /* classic@3x.png */,
				B72403392590083600F0E153 /* atlas.png */,
				B72403302590083500F0E153 /* atlas@2x.png */,
				B72403362590083600F0E153 /* atlas@3x.png */,
				B72403422590083600F0E153 /* cherryblossoms.png */,
				B72403452590083700F0E153 /* cherryblossoms@2x.png */,
				B72403342590083600F0E153 /* cherryblossoms@3x.png */,
				B72403312590083500F0E153 /* earth.png */,
				B72403332590083600F0E153 /* earth@2x.png */,
				B72403322590083500F0E153 /* earth@3x.png */,
				B72403462590083700F0E153 /* greenish.png */,
				B72403442590083700F0E153 /* greenish@2x.png */,
				B72403402590083600F0E153 /* greenish@3x.png */,
				B724033F2590083600F0E153 /* sunrise.png */,
				B72403412590083600F0E153 /* sunrise@2x.png */,
				B724033D2590083600F0E153 /* sunrise@3x.png */,
				B724033B2590083600F0E153 /* timber.png */,
				B724033C2590083600F0E153 /* timber@2x.png */,
				B72403432590083700F0E153 /* timber@3x.png */,
				B72403482590083700F0E153 /* winter.png */,
				B724033E2590083600F0E153 /* winter@2x.png */,
				B72403372590083600F0E153 /* winter@3x.png */,
				B72403472590083700F0E153 /* xmas-green.png */,
				B724033A2590083600F0E153 /* xmas-green@2x.png */,
				B72403352590083600F0E153 /* xmas-green@3x.png */,
				B72403382590083600F0E153 /* xmas-red.png */,
				B724034A2590083700F0E153 /* xmas-red@2x.png */,
				B72403492590083700F0E153 /* xmas-red@3x.png */,
			);
			path = "app-icons";
			sourceTree = "<group>";
		};
		B7C130F125611C5200EE6601 /* extensions */ = {
			isa = PBXGroup;
			children = (
				B7B250422561269B00C82EC6 /* Color.swift */,
				B7B25047256126CD00C82EC6 /* Date.swift */,
				B7B2504C256126E000C82EC6 /* String.swift */,
				B72DC116256A776100DF28F1 /* Number.swift */,
				B7F82ABB256258EA00C7B221 /* Array.swift */,
				B72DC120256AF1C000DF28F1 /* View.swift */,
				B75206742574C40C00555390 /* Binding.swift */,
				B7B0A4B1258EBF550068D810 /* SKProduct.swift */,
			);
			path = extensions;
			sourceTree = "<group>";
		};
		B7C130FA25611D4000EE6601 /* models */ = {
			isa = PBXGroup;
			children = (
				B7C130FB25611D4D00EE6601 /* PlayerScore+CoreDataClass.swift */,
				B7C130FD25611D4D00EE6601 /* Player+CoreDataClass.swift */,
				B7C1310F25611FBB00EE6601 /* Game+CoreDataClass.swift */,
			);
			path = models;
			sourceTree = "<group>";
		};
/* End PBXGroup section */

/* Begin PBXNativeTarget section */
		B781B9FB2560F5E0008EB298 /* bowtie2 */ = {
			isa = PBXNativeTarget;
			buildConfigurationList = B781BA262560F5E2008EB298 /* Build configuration list for PBXNativeTarget "bowtie2" */;
			buildPhases = (
				B781B9F82560F5E0008EB298 /* Sources */,
				B781B9F92560F5E0008EB298 /* Frameworks */,
				B781B9FA2560F5E0008EB298 /* Resources */,
			);
			buildRules = (
			);
			dependencies = (
			);
			name = bowtie2;
			packageProductDependencies = (
			);
			productName = bowtie2;
			productReference = B781B9FC2560F5E0008EB298 /* bowtie2.app */;
			productType = "com.apple.product-type.application";
		};
		B781BA112560F5E2008EB298 /* bowtie2Tests */ = {
			isa = PBXNativeTarget;
			buildConfigurationList = B781BA292560F5E2008EB298 /* Build configuration list for PBXNativeTarget "bowtie2Tests" */;
			buildPhases = (
				B781BA0E2560F5E2008EB298 /* Sources */,
				B781BA0F2560F5E2008EB298 /* Frameworks */,
				B781BA102560F5E2008EB298 /* Resources */,
			);
			buildRules = (
			);
			dependencies = (
				B781BA142560F5E2008EB298 /* PBXTargetDependency */,
			);
			name = bowtie2Tests;
			productName = bowtie2Tests;
			productReference = B781BA122560F5E2008EB298 /* bowtie2Tests.xctest */;
			productType = "com.apple.product-type.bundle.unit-test";
		};
		B781BA1C2560F5E2008EB298 /* bowtie2UITests */ = {
			isa = PBXNativeTarget;
			buildConfigurationList = B781BA2C2560F5E2008EB298 /* Build configuration list for PBXNativeTarget "bowtie2UITests" */;
			buildPhases = (
				B781BA192560F5E2008EB298 /* Sources */,
				B781BA1A2560F5E2008EB298 /* Frameworks */,
				B781BA1B2560F5E2008EB298 /* Resources */,
			);
			buildRules = (
			);
			dependencies = (
				B781BA1F2560F5E2008EB298 /* PBXTargetDependency */,
			);
			name = bowtie2UITests;
			productName = bowtie2UITests;
			productReference = B781BA1D2560F5E2008EB298 /* bowtie2UITests.xctest */;
			productType = "com.apple.product-type.bundle.ui-testing";
		};
/* End PBXNativeTarget section */

/* Begin PBXProject section */
		B781B9F42560F5E0008EB298 /* Project object */ = {
			isa = PBXProject;
			attributes = {
				LastSwiftUpdateCheck = 1210;
				LastUpgradeCheck = 1210;
				TargetAttributes = {
					B781B9FB2560F5E0008EB298 = {
						CreatedOnToolsVersion = 12.1;
					};
					B781BA112560F5E2008EB298 = {
						CreatedOnToolsVersion = 12.1;
						TestTargetID = B781B9FB2560F5E0008EB298;
					};
					B781BA1C2560F5E2008EB298 = {
						CreatedOnToolsVersion = 12.1;
						TestTargetID = B781B9FB2560F5E0008EB298;
					};
				};
			};
			buildConfigurationList = B781B9F72560F5E0008EB298 /* Build configuration list for PBXProject "bowtie2" */;
			compatibilityVersion = "Xcode 9.3";
			developmentRegion = en;
			hasScannedForEncodings = 0;
			knownRegions = (
				en,
				Base,
			);
			mainGroup = B781B9F32560F5E0008EB298;
			packageReferences = (
			);
			productRefGroup = B781B9FD2560F5E0008EB298 /* Products */;
			projectDirPath = "";
			projectRoot = "";
			targets = (
				B781B9FB2560F5E0008EB298 /* bowtie2 */,
				B781BA112560F5E2008EB298 /* bowtie2Tests */,
				B781BA1C2560F5E2008EB298 /* bowtie2UITests */,
			);
		};
/* End PBXProject section */

/* Begin PBXResourcesBuildPhase section */
		B781B9FA2560F5E0008EB298 /* Resources */ = {
			isa = PBXResourcesBuildPhase;
			buildActionMask = 2147483647;
			files = (
				B72403572590083700F0E153 /* timber@2x.png in Resources */,
				B72403632590083700F0E153 /* winter.png in Resources */,
				B724034F2590083700F0E153 /* cherryblossoms@3x.png in Resources */,
				B72403542590083700F0E153 /* atlas.png in Resources */,
				B7C1B4F925909C860087FB74 /* classic@2x.png in Resources */,
				B72403512590083700F0E153 /* atlas@3x.png in Resources */,
				B724034D2590083700F0E153 /* earth@3x.png in Resources */,
				B72403642590083700F0E153 /* xmas-red@3x.png in Resources */,
				B72403582590083700F0E153 /* sunrise@3x.png in Resources */,
				B724034C2590083700F0E153 /* earth.png in Resources */,
				B781BA072560F5E2008EB298 /* Preview Assets.xcassets in Resources */,
				B72403622590083700F0E153 /* xmas-green.png in Resources */,
				B72403532590083700F0E153 /* xmas-red.png in Resources */,
				B72403602590083700F0E153 /* cherryblossoms@2x.png in Resources */,
				B7C1B4FA25909C860087FB74 /* classic@3x.png in Resources */,
				B724035B2590083700F0E153 /* greenish@3x.png in Resources */,
				B724035F2590083700F0E153 /* greenish@2x.png in Resources */,
				B72403592590083700F0E153 /* winter@2x.png in Resources */,
				B724035D2590083700F0E153 /* cherryblossoms.png in Resources */,
				B724034B2590083700F0E153 /* atlas@2x.png in Resources */,
				B7C1B4F825909C860087FB74 /* classic.png in Resources */,
				B72403522590083700F0E153 /* winter@3x.png in Resources */,
				B72403552590083700F0E153 /* xmas-green@2x.png in Resources */,
				B781BA042560F5E2008EB298 /* Assets.xcassets in Resources */,
				B724035E2590083700F0E153 /* timber@3x.png in Resources */,
				B72403502590083700F0E153 /* xmas-green@3x.png in Resources */,
				B724035C2590083700F0E153 /* sunrise@2x.png in Resources */,
				B72403652590083700F0E153 /* xmas-red@2x.png in Resources */,
				B72403612590083700F0E153 /* greenish.png in Resources */,
				B72403562590083700F0E153 /* timber.png in Resources */,
				B724034E2590083700F0E153 /* earth@2x.png in Resources */,
				B724035A2590083700F0E153 /* sunrise.png in Resources */,
			);
			runOnlyForDeploymentPostprocessing = 0;
		};
		B781BA102560F5E2008EB298 /* Resources */ = {
			isa = PBXResourcesBuildPhase;
			buildActionMask = 2147483647;
			files = (
			);
			runOnlyForDeploymentPostprocessing = 0;
		};
		B781BA1B2560F5E2008EB298 /* Resources */ = {
			isa = PBXResourcesBuildPhase;
			buildActionMask = 2147483647;
			files = (
			);
			runOnlyForDeploymentPostprocessing = 0;
		};
/* End PBXResourcesBuildPhase section */

/* Begin PBXSourcesBuildPhase section */
		B781B9F82560F5E0008EB298 /* Sources */ = {
			isa = PBXSourcesBuildPhase;
			buildActionMask = 2147483647;
			files = (
				B760DEF8258EEC3300F1970A /* ConfettiView.swift in Sources */,
				B7C1B4EB259072270087FB74 /* WelcomeView.swift in Sources */,
				B781BA4825611518008EB298 /* GamesListView.swift in Sources */,
				B752066B25737C7C00555390 /* ScoreHistoryView.swift in Sources */,
				B75206702574BD5E00555390 /* GameSettings.swift in Sources */,
				B7F82AC125625A8C00C7B221 /* CreateGame.swift in Sources */,
				B75206752574C40C00555390 /* Binding.swift in Sources */,
				B73FD0C3257DFAFC00810010 /* ThemeSelectView.swift in Sources */,
				B7659F85257CB85E00CA139E /* GraphView.swift in Sources */,
				B7659F8A257CC22900CA139E /* GameGraph.swift in Sources */,
				B781BA0C2560F5E2008EB298 /* bowtie2.xcdatamodeld in Sources */,
				B73FD0CD257E01A200810010 /* CodableUnitPoint.swift in Sources */,
				B781BA092560F5E2008EB298 /* Persistence.swift in Sources */,
				B7B1CC6C25854B39000ACCE3 /* AppIconSelectView.swift in Sources */,
				B79199222586E6B900865BCB /* PremiumView.swift in Sources */,
				B7F82ABC256258EA00C7B221 /* Array.swift in Sources */,
				B7659F94257DE9AB00CA139E /* UserSettings.swift in Sources */,
				B72DC112256A68F100DF28F1 /* EnterScoreView.swift in Sources */,
				B7C1311125611FBB00EE6601 /* Game+CoreDataClass.swift in Sources */,
				B7B2504D256126E000C82EC6 /* String.swift in Sources */,
				B72DC121256AF1C000DF28F1 /* View.swift in Sources */,
				B7D3390D2569DAB300ADBEFF /* PlayerScoreCard.swift in Sources */,
				B79199292586F6C400865BCB /* BowtieProducts.swift in Sources */,
				B7B2505B2561AC9800C82EC6 /* PlayerCard.swift in Sources */,
				B7CCE949257630BE00C3129B /* Indicator.swift in Sources */,
				B7B250432561269B00C82EC6 /* Color.swift in Sources */,
				B781BA40256114F4008EB298 /* AppView.swift in Sources */,
				B72DC11C256AEB5E00DF28F1 /* Theme.swift in Sources */,
				B781BA4D25611521008EB298 /* PlayersListView.swift in Sources */,
				B791992E2586F76F00865BCB /* IAPHelper.swift in Sources */,
				B7C1310125611D4D00EE6601 /* Player+CoreDataClass.swift in Sources */,
				B791991D2586944600865BCB /* VersionView.swift in Sources */,
				B7D339082569AD6F00ADBEFF /* GameView.swift in Sources */,
				B72DC117256A776100DF28F1 /* Number.swift in Sources */,
				B7B0A4B2258EBF550068D810 /* SKProduct.swift in Sources */,
				B7659F8F257DAA6B00CA139E /* SettingsView.swift in Sources */,
				B781BA002560F5E0008EB298 /* bowtie2App.swift in Sources */,
				B7C130FF25611D4D00EE6601 /* PlayerScore+CoreDataClass.swift in Sources */,
				B7F82AB72562406600C7B221 /* GameCard.swift in Sources */,
				B73A09C6259AB17300C45C33 /* ColorPickerView.swift in Sources */,
				B7B25048256126CD00C82EC6 /* Date.swift in Sources */,
				B7CCE94E25763B2B00C3129B /* ModalView.swift in Sources */,
				B7B2503B256120B200C82EC6 /* CreateEditPlayer.swift in Sources */,
			);
			runOnlyForDeploymentPostprocessing = 0;
		};
		B781BA0E2560F5E2008EB298 /* Sources */ = {
			isa = PBXSourcesBuildPhase;
			buildActionMask = 2147483647;
			files = (
				B72BD54E25874BCB00F5CB85 /* NumberTests.swift in Sources */,
				B73A09CE259C756200C45C33 /* ColorTests.swift in Sources */,
				B781BA172560F5E2008EB298 /* bowtie2Tests.swift in Sources */,
			);
			runOnlyForDeploymentPostprocessing = 0;
		};
		B781BA192560F5E2008EB298 /* Sources */ = {
			isa = PBXSourcesBuildPhase;
			buildActionMask = 2147483647;
			files = (
				B781BA222560F5E2008EB298 /* bowtie2UITests.swift in Sources */,
			);
			runOnlyForDeploymentPostprocessing = 0;
		};
/* End PBXSourcesBuildPhase section */

/* Begin PBXTargetDependency section */
		B781BA142560F5E2008EB298 /* PBXTargetDependency */ = {
			isa = PBXTargetDependency;
			target = B781B9FB2560F5E0008EB298 /* bowtie2 */;
			targetProxy = B781BA132560F5E2008EB298 /* PBXContainerItemProxy */;
		};
		B781BA1F2560F5E2008EB298 /* PBXTargetDependency */ = {
			isa = PBXTargetDependency;
			target = B781B9FB2560F5E0008EB298 /* bowtie2 */;
			targetProxy = B781BA1E2560F5E2008EB298 /* PBXContainerItemProxy */;
		};
/* End PBXTargetDependency section */

/* Begin XCBuildConfiguration section */
		B781BA242560F5E2008EB298 /* Debug */ = {
			isa = XCBuildConfiguration;
			buildSettings = {
				ALWAYS_SEARCH_USER_PATHS = NO;
				CLANG_ANALYZER_NONNULL = YES;
				CLANG_ANALYZER_NUMBER_OBJECT_CONVERSION = YES_AGGRESSIVE;
				CLANG_CXX_LANGUAGE_STANDARD = "gnu++14";
				CLANG_CXX_LIBRARY = "libc++";
				CLANG_ENABLE_MODULES = YES;
				CLANG_ENABLE_OBJC_ARC = YES;
				CLANG_ENABLE_OBJC_WEAK = YES;
				CLANG_WARN_BLOCK_CAPTURE_AUTORELEASING = YES;
				CLANG_WARN_BOOL_CONVERSION = YES;
				CLANG_WARN_COMMA = YES;
				CLANG_WARN_CONSTANT_CONVERSION = YES;
				CLANG_WARN_DEPRECATED_OBJC_IMPLEMENTATIONS = YES;
				CLANG_WARN_DIRECT_OBJC_ISA_USAGE = YES_ERROR;
				CLANG_WARN_DOCUMENTATION_COMMENTS = YES;
				CLANG_WARN_EMPTY_BODY = YES;
				CLANG_WARN_ENUM_CONVERSION = YES;
				CLANG_WARN_INFINITE_RECURSION = YES;
				CLANG_WARN_INT_CONVERSION = YES;
				CLANG_WARN_NON_LITERAL_NULL_CONVERSION = YES;
				CLANG_WARN_OBJC_IMPLICIT_RETAIN_SELF = YES;
				CLANG_WARN_OBJC_LITERAL_CONVERSION = YES;
				CLANG_WARN_OBJC_ROOT_CLASS = YES_ERROR;
				CLANG_WARN_QUOTED_INCLUDE_IN_FRAMEWORK_HEADER = YES;
				CLANG_WARN_RANGE_LOOP_ANALYSIS = YES;
				CLANG_WARN_STRICT_PROTOTYPES = YES;
				CLANG_WARN_SUSPICIOUS_MOVE = YES;
				CLANG_WARN_UNGUARDED_AVAILABILITY = YES_AGGRESSIVE;
				CLANG_WARN_UNREACHABLE_CODE = YES;
				CLANG_WARN__DUPLICATE_METHOD_MATCH = YES;
				COPY_PHASE_STRIP = NO;
				DEBUG_INFORMATION_FORMAT = dwarf;
				ENABLE_STRICT_OBJC_MSGSEND = YES;
				ENABLE_TESTABILITY = YES;
				GCC_C_LANGUAGE_STANDARD = gnu11;
				GCC_DYNAMIC_NO_PIC = NO;
				GCC_NO_COMMON_BLOCKS = YES;
				GCC_OPTIMIZATION_LEVEL = 0;
				GCC_PREPROCESSOR_DEFINITIONS = (
					"DEBUG=1",
					"$(inherited)",
				);
				GCC_WARN_64_TO_32_BIT_CONVERSION = YES;
				GCC_WARN_ABOUT_RETURN_TYPE = YES_ERROR;
				GCC_WARN_UNDECLARED_SELECTOR = YES;
				GCC_WARN_UNINITIALIZED_AUTOS = YES_AGGRESSIVE;
				GCC_WARN_UNUSED_FUNCTION = YES;
				GCC_WARN_UNUSED_VARIABLE = YES;
				IPHONEOS_DEPLOYMENT_TARGET = 15.0;
				MTL_ENABLE_DEBUG_INFO = INCLUDE_SOURCE;
				MTL_FAST_MATH = YES;
				ONLY_ACTIVE_ARCH = YES;
				SDKROOT = iphoneos;
				SWIFT_ACTIVE_COMPILATION_CONDITIONS = DEBUG;
				SWIFT_OPTIMIZATION_LEVEL = "-Onone";
			};
			name = Debug;
		};
		B781BA252560F5E2008EB298 /* Release */ = {
			isa = XCBuildConfiguration;
			buildSettings = {
				ALWAYS_SEARCH_USER_PATHS = NO;
				CLANG_ANALYZER_NONNULL = YES;
				CLANG_ANALYZER_NUMBER_OBJECT_CONVERSION = YES_AGGRESSIVE;
				CLANG_CXX_LANGUAGE_STANDARD = "gnu++14";
				CLANG_CXX_LIBRARY = "libc++";
				CLANG_ENABLE_MODULES = YES;
				CLANG_ENABLE_OBJC_ARC = YES;
				CLANG_ENABLE_OBJC_WEAK = YES;
				CLANG_WARN_BLOCK_CAPTURE_AUTORELEASING = YES;
				CLANG_WARN_BOOL_CONVERSION = YES;
				CLANG_WARN_COMMA = YES;
				CLANG_WARN_CONSTANT_CONVERSION = YES;
				CLANG_WARN_DEPRECATED_OBJC_IMPLEMENTATIONS = YES;
				CLANG_WARN_DIRECT_OBJC_ISA_USAGE = YES_ERROR;
				CLANG_WARN_DOCUMENTATION_COMMENTS = YES;
				CLANG_WARN_EMPTY_BODY = YES;
				CLANG_WARN_ENUM_CONVERSION = YES;
				CLANG_WARN_INFINITE_RECURSION = YES;
				CLANG_WARN_INT_CONVERSION = YES;
				CLANG_WARN_NON_LITERAL_NULL_CONVERSION = YES;
				CLANG_WARN_OBJC_IMPLICIT_RETAIN_SELF = YES;
				CLANG_WARN_OBJC_LITERAL_CONVERSION = YES;
				CLANG_WARN_OBJC_ROOT_CLASS = YES_ERROR;
				CLANG_WARN_QUOTED_INCLUDE_IN_FRAMEWORK_HEADER = YES;
				CLANG_WARN_RANGE_LOOP_ANALYSIS = YES;
				CLANG_WARN_STRICT_PROTOTYPES = YES;
				CLANG_WARN_SUSPICIOUS_MOVE = YES;
				CLANG_WARN_UNGUARDED_AVAILABILITY = YES_AGGRESSIVE;
				CLANG_WARN_UNREACHABLE_CODE = YES;
				CLANG_WARN__DUPLICATE_METHOD_MATCH = YES;
				COPY_PHASE_STRIP = NO;
				DEBUG_INFORMATION_FORMAT = "dwarf-with-dsym";
				ENABLE_NS_ASSERTIONS = NO;
				ENABLE_STRICT_OBJC_MSGSEND = YES;
				GCC_C_LANGUAGE_STANDARD = gnu11;
				GCC_NO_COMMON_BLOCKS = YES;
				GCC_WARN_64_TO_32_BIT_CONVERSION = YES;
				GCC_WARN_ABOUT_RETURN_TYPE = YES_ERROR;
				GCC_WARN_UNDECLARED_SELECTOR = YES;
				GCC_WARN_UNINITIALIZED_AUTOS = YES_AGGRESSIVE;
				GCC_WARN_UNUSED_FUNCTION = YES;
				GCC_WARN_UNUSED_VARIABLE = YES;
				IPHONEOS_DEPLOYMENT_TARGET = 15.0;
				MTL_ENABLE_DEBUG_INFO = NO;
				MTL_FAST_MATH = YES;
				SDKROOT = iphoneos;
				SWIFT_COMPILATION_MODE = wholemodule;
				SWIFT_OPTIMIZATION_LEVEL = "-O";
				VALIDATE_PRODUCT = YES;
			};
			name = Release;
		};
		B781BA272560F5E2008EB298 /* Debug */ = {
			isa = XCBuildConfiguration;
			buildSettings = {
				ASSETCATALOG_COMPILER_APPICON_NAME = AppIcon;
				ASSETCATALOG_COMPILER_GLOBAL_ACCENT_COLOR_NAME = AccentColor;
				CODE_SIGN_ENTITLEMENTS = bowtie2/bowtie2.entitlements;
				CODE_SIGN_STYLE = Automatic;
				CURRENT_PROJECT_VERSION = 14;
				DEVELOPMENT_ASSET_PATHS = "\"bowtie2/Preview Content\"";
				DEVELOPMENT_TEAM = 4TPDCY22V9;
				ENABLE_PREVIEWS = YES;
				INFOPLIST_FILE = bowtie2/Info.plist;
				IPHONEOS_DEPLOYMENT_TARGET = 15.0;
				LD_RUNPATH_SEARCH_PATHS = (
					"$(inherited)",
					"@executable_path/Frameworks",
				);
				MARKETING_VERSION = 1.3;
				PRODUCT_BUNDLE_IDENTIFIER = com.jakerunzer.bowtie2;
				PRODUCT_NAME = "$(TARGET_NAME)";
				SWIFT_VERSION = 5.0;
				TARGETED_DEVICE_FAMILY = "1,2";
			};
			name = Debug;
		};
		B781BA282560F5E2008EB298 /* Release */ = {
			isa = XCBuildConfiguration;
			buildSettings = {
				ASSETCATALOG_COMPILER_APPICON_NAME = AppIcon;
				ASSETCATALOG_COMPILER_GLOBAL_ACCENT_COLOR_NAME = AccentColor;
				CODE_SIGN_ENTITLEMENTS = bowtie2/bowtie2.entitlements;
				CODE_SIGN_STYLE = Automatic;
				CURRENT_PROJECT_VERSION = 14;
				DEVELOPMENT_ASSET_PATHS = "\"bowtie2/Preview Content\"";
				DEVELOPMENT_TEAM = 4TPDCY22V9;
				ENABLE_PREVIEWS = YES;
				INFOPLIST_FILE = bowtie2/Info.plist;
				IPHONEOS_DEPLOYMENT_TARGET = 15.0;
				LD_RUNPATH_SEARCH_PATHS = (
					"$(inherited)",
					"@executable_path/Frameworks",
				);
				MARKETING_VERSION = 1.3;
				PRODUCT_BUNDLE_IDENTIFIER = com.jakerunzer.bowtie2;
				PRODUCT_NAME = "$(TARGET_NAME)";
				SWIFT_VERSION = 5.0;
				TARGETED_DEVICE_FAMILY = "1,2";
			};
			name = Release;
		};
		B781BA2A2560F5E2008EB298 /* Debug */ = {
			isa = XCBuildConfiguration;
			buildSettings = {
				ALWAYS_EMBED_SWIFT_STANDARD_LIBRARIES = YES;
				BUNDLE_LOADER = "$(TEST_HOST)";
				CODE_SIGN_STYLE = Automatic;
				DEVELOPMENT_TEAM = 4TPDCY22V9;
				INFOPLIST_FILE = bowtie2Tests/Info.plist;
				IPHONEOS_DEPLOYMENT_TARGET = 14.0;
				LD_RUNPATH_SEARCH_PATHS = (
					"$(inherited)",
					"@executable_path/Frameworks",
					"@loader_path/Frameworks",
				);
				PRODUCT_BUNDLE_IDENTIFIER = com.jakerunzer.bowtie2Tests;
				PRODUCT_NAME = "$(TARGET_NAME)";
				SWIFT_VERSION = 5.0;
				TARGETED_DEVICE_FAMILY = "1,2";
				TEST_HOST = "$(BUILT_PRODUCTS_DIR)/bowtie2.app/bowtie2";
			};
			name = Debug;
		};
		B781BA2B2560F5E2008EB298 /* Release */ = {
			isa = XCBuildConfiguration;
			buildSettings = {
				ALWAYS_EMBED_SWIFT_STANDARD_LIBRARIES = YES;
				BUNDLE_LOADER = "$(TEST_HOST)";
				CODE_SIGN_STYLE = Automatic;
				DEVELOPMENT_TEAM = 4TPDCY22V9;
				INFOPLIST_FILE = bowtie2Tests/Info.plist;
				IPHONEOS_DEPLOYMENT_TARGET = 14.0;
				LD_RUNPATH_SEARCH_PATHS = (
					"$(inherited)",
					"@executable_path/Frameworks",
					"@loader_path/Frameworks",
				);
				PRODUCT_BUNDLE_IDENTIFIER = com.jakerunzer.bowtie2Tests;
				PRODUCT_NAME = "$(TARGET_NAME)";
				SWIFT_VERSION = 5.0;
				TARGETED_DEVICE_FAMILY = "1,2";
				TEST_HOST = "$(BUILT_PRODUCTS_DIR)/bowtie2.app/bowtie2";
			};
			name = Release;
		};
		B781BA2D2560F5E2008EB298 /* Debug */ = {
			isa = XCBuildConfiguration;
			buildSettings = {
				ALWAYS_EMBED_SWIFT_STANDARD_LIBRARIES = YES;
				CODE_SIGN_STYLE = Automatic;
				DEVELOPMENT_TEAM = 4TPDCY22V9;
				INFOPLIST_FILE = bowtie2UITests/Info.plist;
				LD_RUNPATH_SEARCH_PATHS = (
					"$(inherited)",
					"@executable_path/Frameworks",
					"@loader_path/Frameworks",
				);
				PRODUCT_BUNDLE_IDENTIFIER = com.jakerunzer.bowtie2UITests;
				PRODUCT_NAME = "$(TARGET_NAME)";
				SWIFT_VERSION = 5.0;
				TARGETED_DEVICE_FAMILY = "1,2";
				TEST_TARGET_NAME = bowtie2;
			};
			name = Debug;
		};
		B781BA2E2560F5E2008EB298 /* Release */ = {
			isa = XCBuildConfiguration;
			buildSettings = {
				ALWAYS_EMBED_SWIFT_STANDARD_LIBRARIES = YES;
				CODE_SIGN_STYLE = Automatic;
				DEVELOPMENT_TEAM = 4TPDCY22V9;
				INFOPLIST_FILE = bowtie2UITests/Info.plist;
				LD_RUNPATH_SEARCH_PATHS = (
					"$(inherited)",
					"@executable_path/Frameworks",
					"@loader_path/Frameworks",
				);
				PRODUCT_BUNDLE_IDENTIFIER = com.jakerunzer.bowtie2UITests;
				PRODUCT_NAME = "$(TARGET_NAME)";
				SWIFT_VERSION = 5.0;
				TARGETED_DEVICE_FAMILY = "1,2";
				TEST_TARGET_NAME = bowtie2;
			};
			name = Release;
		};
/* End XCBuildConfiguration section */

/* Begin XCConfigurationList section */
		B781B9F72560F5E0008EB298 /* Build configuration list for PBXProject "bowtie2" */ = {
			isa = XCConfigurationList;
			buildConfigurations = (
				B781BA242560F5E2008EB298 /* Debug */,
				B781BA252560F5E2008EB298 /* Release */,
			);
			defaultConfigurationIsVisible = 0;
			defaultConfigurationName = Release;
		};
		B781BA262560F5E2008EB298 /* Build configuration list for PBXNativeTarget "bowtie2" */ = {
			isa = XCConfigurationList;
			buildConfigurations = (
				B781BA272560F5E2008EB298 /* Debug */,
				B781BA282560F5E2008EB298 /* Release */,
			);
			defaultConfigurationIsVisible = 0;
			defaultConfigurationName = Release;
		};
		B781BA292560F5E2008EB298 /* Build configuration list for PBXNativeTarget "bowtie2Tests" */ = {
			isa = XCConfigurationList;
			buildConfigurations = (
				B781BA2A2560F5E2008EB298 /* Debug */,
				B781BA2B2560F5E2008EB298 /* Release */,
			);
			defaultConfigurationIsVisible = 0;
			defaultConfigurationName = Release;
		};
		B781BA2C2560F5E2008EB298 /* Build configuration list for PBXNativeTarget "bowtie2UITests" */ = {
			isa = XCConfigurationList;
			buildConfigurations = (
				B781BA2D2560F5E2008EB298 /* Debug */,
				B781BA2E2560F5E2008EB298 /* Release */,
			);
			defaultConfigurationIsVisible = 0;
			defaultConfigurationName = Release;
		};
/* End XCConfigurationList section */

/* Begin XCVersionGroup section */
		B781BA0A2560F5E2008EB298 /* bowtie2.xcdatamodeld */ = {
			isa = XCVersionGroup;
			children = (
				B781BA0B2560F5E2008EB298 /* bowtie2.xcdatamodel */,
			);
			currentVersion = B781BA0B2560F5E2008EB298 /* bowtie2.xcdatamodel */;
			path = bowtie2.xcdatamodeld;
			sourceTree = "<group>";
			versionGroupType = wrapper.xcdatamodel;
		};
/* End XCVersionGroup section */
	};
	rootObject = B781B9F42560F5E0008EB298 /* Project object */;
}
